Microsoft Visual Studio Solution File, Format Version 11.00
# Visual Studio 2008

Project("{7D150144-4145-8B90-4CD1-A6BC3B7FB709}") = "First person shooter 2", "Assembly-CSharp.csproj", "{3980A30D-B1DF-ED30-C8BF-38C7D5F4DD0B}"
EndProject
Global
	GlobalSection(SolutionConfigurationPlatforms) = preSolution
		Debug|Any CPU = Debug|Any CPU
		Release|Any CPU = Release|Any CPU
	EndGlobalSection
	GlobalSection(ProjectConfigurationPlatforms) = postSolution
		{3980A30D-B1DF-ED30-C8BF-38C7D5F4DD0B}.Debug|Any CPU.ActiveCfg = Debug|Any CPU
		{3980A30D-B1DF-ED30-C8BF-38C7D5F4DD0B}.Debug|Any CPU.Build.0 = Debug|Any CPU
		{3980A30D-B1DF-ED30-C8BF-38C7D5F4DD0B}.Release|Any CPU.ActiveCfg = Release|Any CPU
		{3980A30D-B1DF-ED30-C8BF-38C7D5F4DD0B}.Release|Any CPU.Build.0 = Release|Any CPU
	EndGlobalSection
	GlobalSection(SolutionProperties) = preSolution
		HideSolutionNode = FALSE
	EndGlobalSection
	GlobalSection(MonoDevelopProperties) = preSolution
		StartupItem = Assembly-CSharp.csproj
	EndGlobalSection
EndGlobal
